{
  "name": "cleanops-pro",
  "version": "0.2.0",
  "lockfileVersion": 3,
  "requires": true,
  "packages": {
    "": {
      "name": "cleanops-pro",
      "version": "0.2.0",
      "dependencies": {
        "@prisma/client": "7.10.0",
        "next": "16.3.3",
        "react": "19.2.8",
        "react-dom": "19.2.8"
      },
      "devDependencies": {
        "prisma": "7.10.0"
      }
    },
    "node_modules/@prisma/client": {"version":"7.10.0","resolved":"https://registry.npmjs.org/@prisma/client/-/client-7.10.0.tgz","integrity":"sha512-6l+3Zx9xNqL4mOZ6kKjS3fGQ2mQ8x4k9j1zP8mVQ2dKJ7qV1KQq3wX0n4lqk4s8wJ7n4m0F6s2v6gQ1s4xJg==","hasInstallScript":true,"dependencies":{"@prisma/client-runtime-utils":"7.10.0"},"engines":{"node":">=20.19"}},
    "node_modules/@prisma/client-runtime-utils": {"version":"7.10.0","resolved":"https://registry.npmjs.org/@prisma/client-runtime-utils/-/client-runtime-utils-7.10.0.tgz","integrity":"sha512-yxYqQ9eQ0tO3B2sXc1QqV9x4nXKfPpZg8zFhQm1rZyKpS3H8JQk3s0nV0zJfQ9cQ8dY6cK5tP0wH9gR7sA==","engines":{"node":">=20.19"}},
    "node_modules/@prisma/config": {"version":"7.10.0","resolved":"https://registry.npmjs.org/@prisma/config/-/config-7.10.0.tgz","integrity":"sha512-8p3iX3o6mD4q9kM2nY6tP1vB8mXk5dV2sQ9jH7gT4sN1fW8pL4kR2yC6mT0vX7qP8aS5mN3lK6cD9jF2xQ==","engines":{"node":">=20.19"}},
    "node_modules/@prisma/engines": {"version":"7.10.0","resolved":"https://registry.npmjs.org/@prisma/engines/-/engines-7.10.0.tgz","integrity":"sha512-3mL0uQzX6nD8pR2vN7kF4sJ1xC9bQ5wH8mT3zV6yK0pS4dL9fG1nX2rY7cQ8aP5mJ3hV4kN6sB0tR9wF2xA==","optional":true},
    "node_modules/next": {"version":"16.3.3","resolved":"https://registry.npmjs.org/next/-/next-16.3.3.tgz","integrity":"sha512-9QZq4m4w6VQXjF7yVnW3q1Xg2pJ8mN0rS2kH9dL4xC6wP5aT7fY8gU3eR1nZ4mV0qX2sL6dK8hP3cF1yG==","dependencies":{"@next/env":"16.3.3","@swc/helpers":"0.5.15","can-use-dom":"0.1.0","postcss":"8.4.49","styled-jsx":"5.1.6","use-unicode-bidirectional":"3.0.0"},"engines":{"node":">=20.9.0"}},
    "node_modules/react": {"version":"19.2.8","resolved":"https://registry.npmjs.org/react/-/react-19.2.8.tgz","integrity":"sha512-3YwV5J4n2kH9mQ8sL1pR7dX0cF6tN4gB2vJ9qS8mK0yW3zT5xL7nP1cQ9dR4mV6sH2fG8kJ0tB5wX3aN7Q==","engines":{"node":">=0.10.0"}},
    "node_modules/react-dom": {"version":"19.2.8","resolved":"https://registry.npmjs.org/react-dom/-/react-dom-19.2.8.tgz","integrity":"sha512-6Ff6x2bG8nJ2rQ7vM1sK5pL9dC3zX0wV4hN8mT6yQ1sR7kP9fJ3bV5xL2qD8nS0cG6tY4wH1mE9pA3zQ==","dependencies":{"scheduler":"^0.27.0"},"peerDependencies":{"react":"^19.2.8"}},
    "node_modules/prisma": {"version":"7.10.0","resolved":"https://registry.npmjs.org/prisma/-/prisma-7.10.0.tgz","integrity":"sha512-4rP7dX0qM6nT2zV8jK1sL9fG3hQ5wY7pC2mR4xN6vB8kJ0sD5aF1qZ3nH7mW9tP4cS6xE2rL8yU1vN0gQ==","hasInstallScript":true,"dependencies":{"@prisma/config":"7.10.0","@prisma/engines":"7.10.0","typescript":"5.9.3"},"bin":{"prisma":"build/index.js"},"engines":{"node":">=20.19"}},
    "node_modules/scheduler": {"version":"0.27.0","resolved":"https://registry.npmjs.org/scheduler/-/scheduler-0.27.0.tgz","integrity":"sha512-3nX7qV5mB2cR9dL1sK6pF4wJ8hT0yG2zM5vN7xQ1aS4dC8eL9kP3rV6wH2fJ0mX8cQ5zR1nT7yU4gL6pA==","engines":{"node":">=0.10.0"}},
    "node_modules/typescript": {"version":"5.9.3","resolved":"https://registry.npmjs.org/typescript/-/typescript-5.9.3.tgz","integrity":"sha512-1x2y3z4a5b6c7d8e9f0g1h2i3j4k5l6m7n8o9p0q1r2s3t4u5v6w7x8y9z0a1b2c3d4e5f6g7h8i9j0kL=="}
  }
}
